
Microsoft Visual Studio Solution File, Format Version 12.00
# Visual Studio 15
VisualStudioVersion = 15.0.28307.421
MinimumVisualStudioVersion = 10.0.40219.1
Project("{888888A0-9F3D-457C-B088-3A5042F75D52}") = "Testando_rede", "Testando_rede.pyproj", "{834C9BD9-F699-4F39-9052-337B430B1602}"
EndProject
Global
	GlobalSection(SolutionConfigurationPlatforms) = preSolution
		Debug|Any CPU = Debug|Any CPU
		Release|Any CPU = Release|Any CPU
	EndGlobalSection
	GlobalSection(ProjectConfigurationPlatforms) = postSolution
		{834C9BD9-F699-4F39-9052-337B430B1602}.Debug|Any CPU.ActiveCfg = Debug|Any CPU
		{834C9BD9-F699-4F39-9052-337B430B1602}.Release|Any CPU.ActiveCfg = Release|Any CPU
	EndGlobalSection
	GlobalSection(SolutionProperties) = preSolution
		HideSolutionNode = FALSE
	EndGlobalSection
	GlobalSection(ExtensibilityGlobals) = postSolution
		SolutionGuid = {F0DE2A0D-2C2C-4C4F-8B7C-ED762D18E871}
	EndGlobalSection
EndGlobal
